{
    "hash": "788f1ccfef41684abaa73cc6277aedc6",
    "packages": [
        {
            "name": "kriswallsmith/buzz",
            "version": "v0.7",
            "source": {
                "type": "git",
                "url": "http://github.com/kriswallsmith/Buzz.git",
                "reference": "v0.7"
            },
            "dist": {
                "type": "zip",
                "url": "https://github.com/kriswallsmith/Buzz/zipball/v0.7",
                "reference": "v0.7",
                "shasum": ""
            },
            "require": {
                "php": ">=5.3.0"
            },
            "suggest": {
                "ext-curl": "*"
            },
            "time": "2012-06-25 12:01:38",
            "type": "library",
            "installation-source": "dist",
            "autoload": {
                "psr-0": {
                    "Buzz": "lib/"
                }
            },
            "notification-url": "https://packagist.org/downloads/",
            "license": [
                "MIT"
            ],
            "authors": [
                {
                    "name": "Kris Wallsmith",
                    "email": "kris.wallsmith@gmail.com",
                    "homepage": "http://kriswallsmith.net/"
                }
            ],
            "description": "Lightweight HTTP client",
            "homepage": "https://github.com/kriswallsmith/Buzz",
            "keywords": [
                "curl",
                "http client"
            ]
        },
        {
            "name": "packfire/options",
            "version": "1.1.0",
            "source": {
                "type": "git",
                "url": "https://github.com/packfire/options",
                "reference": "1.1.0"
            },
            "dist": {
                "type": "zip",
                "url": "https://github.com/packfire/options/archive/1.1.0.zip",
                "reference": "1.1.0",
                "shasum": ""
            },
            "require": {
                "php": ">=5.3.0"
            },
            "time": "2012-12-17 14:51:55",
            "type": "library",
            "installation-source": "dist",
            "autoload": {
                "psr-0": {
                    "Packfire": "src"
                }
            },
            "notification-url": "https://packagist.org/downloads/",
            "license": [
                "BSD-3-Clause"
            ],
            "authors": [
                {
                    "name": "Sam-Mauris Yong",
                    "email": "mauris@hotmail.sg",
                    "homepage": "http://mauris.sg/",
                    "role": "Developer"
                }
            ],
            "description": "Better CLI argument processing in PHP",
            "homepage": "http://mauris.sg/packfire/",
            "keywords": [
                "cli",
                "closure",
                "argument",
                "callback",
                "processing"
            ]
        }
    ],
    "packages-dev": [
        {
            "name": "mikey179/vfsStream",
            "version": "v1.1.0",
            "source": {
                "type": "git",
                "url": "https://github.com/mikey179/vfsStream",
                "reference": "v1.1.0"
            },
            "dist": {
                "type": "zip",
                "url": "https://github.com/mikey179/vfsStream/zipball/v1.1.0",
                "reference": "v1.1.0",
                "shasum": ""
            },
            "require": {
                "php": ">=5.3.0"
            },
            "time": "2012-08-25 05:49:29",
            "type": "library",
            "installation-source": "dist",
            "autoload": {
                "psr-0": {
                    "org\\bovigo\\vfs": "src/main/php"
                }
            },
            "notification-url": "https://packagist.org/downloads/",
            "license": [
                "BSD"
            ],
            "homepage": "http://vfs.bovigo.org/"
        }
    ],
    "aliases": [

    ],
    "minimum-stability": "stable",
    "stability-flags": [

    ]
}
